
Microsoft Visual Studio Solution File, Format Version 12.00
# Visual Studio Version 17
VisualStudioVersion = 17.10.35013.160
MinimumVisualStudioVersion = 10.0.40219.1
Project("{9A19103F-16F7-4668-BE54-9A1E7A4F7556}") = "projectNaomi", "projectNaomi\projectNaomi.csproj", "{551C7421-7B16-48C3-919E-98AE88DC85CD}"
EndProject
Project("{9A19103F-16F7-4668-BE54-9A1E7A4F7556}") = "Project.Core", "Project.Core\Project.Core.csproj", "{319A5C4C-448C-431D-AE52-50677D9F2675}"
EndProject
Project("{9A19103F-16F7-4668-BE54-9A1E7A4F7556}") = "Project.Data", "Project.Data\Project.Data.csproj", "{44B08B59-CE56-4CEF-B12C-C61632296FEB}"
EndProject
Project("{9A19103F-16F7-4668-BE54-9A1E7A4F7556}") = "Project.Service", "Project.Service\Project.Service.csproj", "{4CF1A1D0-E219-493E-81B9-66031E2B919E}"
	ProjectSection(ProjectDependencies) = postProject
		{319A5C4C-448C-431D-AE52-50677D9F2675} = {319A5C4C-448C-431D-AE52-50677D9F2675}
	EndProjectSection
EndProject
Global
	GlobalSection(SolutionConfigurationPlatforms) = preSolution
		Debug|Any CPU = Debug|Any CPU
		Release|Any CPU = Release|Any CPU
	EndGlobalSection
	GlobalSection(ProjectConfigurationPlatforms) = postSolution
		{551C7421-7B16-48C3-919E-98AE88DC85CD}.Debug|Any CPU.ActiveCfg = Debug|Any CPU
		{551C7421-7B16-48C3-919E-98AE88DC85CD}.Debug|Any CPU.Build.0 = Debug|Any CPU
		{551C7421-7B16-48C3-919E-98AE88DC85CD}.Release|Any CPU.ActiveCfg = Release|Any CPU
		{551C7421-7B16-48C3-919E-98AE88DC85CD}.Release|Any CPU.Build.0 = Release|Any CPU
		{319A5C4C-448C-431D-AE52-50677D9F2675}.Debug|Any CPU.ActiveCfg = Debug|Any CPU
		{319A5C4C-448C-431D-AE52-50677D9F2675}.Debug|Any CPU.Build.0 = Debug|Any CPU
		{319A5C4C-448C-431D-AE52-50677D9F2675}.Release|Any CPU.ActiveCfg = Release|Any CPU
		{319A5C4C-448C-431D-AE52-50677D9F2675}.Release|Any CPU.Build.0 = Release|Any CPU
		{44B08B59-CE56-4CEF-B12C-C61632296FEB}.Debug|Any CPU.ActiveCfg = Debug|Any CPU
		{44B08B59-CE56-4CEF-B12C-C61632296FEB}.Debug|Any CPU.Build.0 = Debug|Any CPU
		{44B08B59-CE56-4CEF-B12C-C61632296FEB}.Release|Any CPU.ActiveCfg = Release|Any CPU
		{44B08B59-CE56-4CEF-B12C-C61632296FEB}.Release|Any CPU.Build.0 = Release|Any CPU
		{4CF1A1D0-E219-493E-81B9-66031E2B919E}.Debug|Any CPU.ActiveCfg = Debug|Any CPU
		{4CF1A1D0-E219-493E-81B9-66031E2B919E}.Debug|Any CPU.Build.0 = Debug|Any CPU
		{4CF1A1D0-E219-493E-81B9-66031E2B919E}.Release|Any CPU.ActiveCfg = Release|Any CPU
		{4CF1A1D0-E219-493E-81B9-66031E2B919E}.Release|Any CPU.Build.0 = Release|Any CPU
	EndGlobalSection
	GlobalSection(SolutionProperties) = preSolution
		HideSolutionNode = FALSE
	EndGlobalSection
	GlobalSection(ExtensibilityGlobals) = postSolution
		SolutionGuid = {B1A7A506-17C7-4D6E-9656-451B2A1A532E}
	EndGlobalSection
EndGlobal
